
Microsoft Visual Studio Solution File, Format Version 12.00
# Visual Studio Version 17
VisualStudioVersion = 17.9.34714.143
MinimumVisualStudioVersion = 10.0.40219.1
Project("{FAE04EC0-301F-11D3-BF4B-00C04F79EFBC}") = "SalesWebMvc", "SalesWebMvc\SalesWebMvc.csproj", "{45E2E9BF-1D09-40E8-9800-CC5C9D7AD901}"
EndProject
Global
	GlobalSection(SolutionConfigurationPlatforms) = preSolution
		Debug|Any CPU = Debug|Any CPU
		Release|Any CPU = Release|Any CPU
	EndGlobalSection
	GlobalSection(ProjectConfigurationPlatforms) = postSolution
		{45E2E9BF-1D09-40E8-9800-CC5C9D7AD901}.Debug|Any CPU.ActiveCfg = Debug|Any CPU
		{45E2E9BF-1D09-40E8-9800-CC5C9D7AD901}.Debug|Any CPU.Build.0 = Debug|Any CPU
		{45E2E9BF-1D09-40E8-9800-CC5C9D7AD901}.Release|Any CPU.ActiveCfg = Release|Any CPU
		{45E2E9BF-1D09-40E8-9800-CC5C9D7AD901}.Release|Any CPU.Build.0 = Release|Any CPU
	EndGlobalSection
	GlobalSection(SolutionProperties) = preSolution
		HideSolutionNode = FALSE
	EndGlobalSection
	GlobalSection(ExtensibilityGlobals) = postSolution
		SolutionGuid = {7A768AA3-A2EA-4D4D-8E0E-54652550A06C}
	EndGlobalSection
EndGlobal
